// !$*UTF8*$!
{
	archiveVersion = 1;
	classes = {
	};
	objectVersion = 46;
	objects = {

/* Begin PBXBuildFile section */
		C09DED89157000A10047EEBC /* roverwest.png in Resources */ = {isa = PBXBuildFile; fileRef = C09DED88157000A10047EEBC /* roverwest.png */; };
		C09EA7A41574AA5A004047BB /* ReportViewController.m in Sources */ = {isa = PBXBuildFile; fileRef = C09EA7A31574AA5A004047BB /* ReportViewController.m */; };
		C0A0BC05156F4FD4006A17F8 /* RoverNavigationCommand.m in Sources */ = {isa = PBXBuildFile; fileRef = C0A0BC04156F4FD4006A17F8 /* RoverNavigationCommand.m */; };
		C0AD9A9F1570FD0A0093D660 /* PlateauGridView.m in Sources */ = {isa = PBXBuildFile; fileRef = C0AD9A9E1570FD0A0093D660 /* PlateauGridView.m */; };
		C0AD9AA8157156810093D660 /* RoverView.m in Sources */ = {isa = PBXBuildFile; fileRef = C0AD9AA7157156810093D660 /* RoverView.m */; };
		C0AD9AAC15717C5A0093D660 /* rovereast.png in Resources */ = {isa = PBXBuildFile; fileRef = C0AD9AA915717C5A0093D660 /* rovereast.png */; };
		C0AD9AAD15717C5A0093D660 /* rovernorth.png in Resources */ = {isa = PBXBuildFile; fileRef = C0AD9AAA15717C5A0093D660 /* rovernorth.png */; };
		C0AD9AAE15717C5A0093D660 /* roversouth.png in Resources */ = {isa = PBXBuildFile; fileRef = C0AD9AAB15717C5A0093D660 /* roversouth.png */; };
		C0B98C5E156E6BBF00A3C5AD /* Rover.m in Sources */ = {isa = PBXBuildFile; fileRef = C0B98C5D156E6BBF00A3C5AD /* Rover.m */; };
		C0B98C62156E9A3F00A3C5AD /* RoverHeadingState.m in Sources */ = {isa = PBXBuildFile; fileRef = C0B98C61156E9A3F00A3C5AD /* RoverHeadingState.m */; };
		C0B98C65156ECE7300A3C5AD /* RCInterpreterState.m in Sources */ = {isa = PBXBuildFile; fileRef = C0B98C64156ECE7300A3C5AD /* RCInterpreterState.m */; };
		C0D5F9661563778E004FB0A9 /* RoversControllerInterpreter.m in Sources */ = {isa = PBXBuildFile; fileRef = C0D5F9651563778E004FB0A9 /* RoversControllerInterpreter.m */; };
		C32DA2B0155573B600F8FBBE /* RoversController.m in Sources */ = {isa = PBXBuildFile; fileRef = C32DA2AF155573B600F8FBBE /* RoversController.m */; };
		C341332215558D0E00D5DDF8 /* marsface.jpg in Resources */ = {isa = PBXBuildFile; fileRef = C341332115558D0E00D5DDF8 /* marsface.jpg */; };
		C38ABCDC1555700D0047DB26 /* MainStoryboard.storyboard in Resources */ = {isa = PBXBuildFile; fileRef = C38ABCDA1555700D0047DB26 /* MainStoryboard.storyboard */; };
		C3EC97901555524600640AFC /* UIKit.framework in Frameworks */ = {isa = PBXBuildFile; fileRef = C3EC978F1555524600640AFC /* UIKit.framework */; };
		C3EC97921555524600640AFC /* Foundation.framework in Frameworks */ = {isa = PBXBuildFile; fileRef = C3EC97911555524600640AFC /* Foundation.framework */; };
		C3EC97941555524600640AFC /* CoreGraphics.framework in Frameworks */ = {isa = PBXBuildFile; fileRef = C3EC97931555524600640AFC /* CoreGraphics.framework */; };
		C3EC979A1555524600640AFC /* InfoPlist.strings in Resources */ = {isa = PBXBuildFile; fileRef = C3EC97981555524600640AFC /* InfoPlist.strings */; };
		C3EC979C1555524600640AFC /* main.m in Sources */ = {isa = PBXBuildFile; fileRef = C3EC979B1555524600640AFC /* main.m */; };
		C3EC97A01555524600640AFC /* AppDelegate.m in Sources */ = {isa = PBXBuildFile; fileRef = C3EC979F1555524600640AFC /* AppDelegate.m */; };
		C3EC97A61555524600640AFC /* MarsExplorationViewController.m in Sources */ = {isa = PBXBuildFile; fileRef = C3EC97A51555524600640AFC /* MarsExplorationViewController.m */; };
/* End PBXBuildFile section */

/* Begin PBXFileReference section */
		C09DED88157000A10047EEBC /* roverwest.png */ = {isa = PBXFileReference; lastKnownFileType = image.png; path = roverwest.png; sourceTree = "<group>"; };
		C09EA7A21574AA5A004047BB /* ReportViewController.h */ = {isa = PBXFileReference; fileEncoding = 4; lastKnownFileType = sourcecode.c.h; path = ReportViewController.h; sourceTree = "<group>"; };
		C09EA7A31574AA5A004047BB /* ReportViewController.m */ = {isa = PBXFileReference; fileEncoding = 4; lastKnownFileType = sourcecode.c.objc; path = ReportViewController.m; sourceTree = "<group>"; };
		C0A0BC03156F4FD4006A17F8 /* RoverNavigationCommand.h */ = {isa = PBXFileReference; fileEncoding = 4; lastKnownFileType = sourcecode.c.h; path = RoverNavigationCommand.h; sourceTree = "<group>"; };
		C0A0BC04156F4FD4006A17F8 /* RoverNavigationCommand.m */ = {isa = PBXFileReference; fileEncoding = 4; lastKnownFileType = sourcecode.c.objc; path = RoverNavigationCommand.m; sourceTree = "<group>"; };
		C0AD9A9D1570FD0A0093D660 /* PlateauGridView.h */ = {isa = PBXFileReference; fileEncoding = 4; lastKnownFileType = sourcecode.c.h; path = PlateauGridView.h; sourceTree = "<group>"; };
		C0AD9A9E1570FD0A0093D660 /* PlateauGridView.m */ = {isa = PBXFileReference; fileEncoding = 4; lastKnownFileType = sourcecode.c.objc; path = PlateauGridView.m; sourceTree = "<group>"; };
		C0AD9AA6157156810093D660 /* RoverView.h */ = {isa = PBXFileReference; fileEncoding = 4; lastKnownFileType = sourcecode.c.h; path = RoverView.h; sourceTree = "<group>"; };
		C0AD9AA7157156810093D660 /* RoverView.m */ = {isa = PBXFileReference; fileEncoding = 4; lastKnownFileType = sourcecode.c.objc; path = RoverView.m; sourceTree = "<group>"; };
		C0AD9AA915717C5A0093D660 /* rovereast.png */ = {isa = PBXFileReference; lastKnownFileType = image.png; path = rovereast.png; sourceTree = "<group>"; };
		C0AD9AAA15717C5A0093D660 /* rovernorth.png */ = {isa = PBXFileReference; lastKnownFileType = image.png; path = rovernorth.png; sourceTree = "<group>"; };
		C0AD9AAB15717C5A0093D660 /* roversouth.png */ = {isa = PBXFileReference; lastKnownFileType = image.png; path = roversouth.png; sourceTree = "<group>"; };
		C0B98C5C156E6BBF00A3C5AD /* Rover.h */ = {isa = PBXFileReference; fileEncoding = 4; lastKnownFileType = sourcecode.c.h; path = Rover.h; sourceTree = "<group>"; };
		C0B98C5D156E6BBF00A3C5AD /* Rover.m */ = {isa = PBXFileReference; fileEncoding = 4; lastKnownFileType = sourcecode.c.objc; path = Rover.m; sourceTree = "<group>"; };
		C0B98C60156E9A3F00A3C5AD /* RoverHeadingState.h */ = {isa = PBXFileReference; fileEncoding = 4; lastKnownFileType = sourcecode.c.h; path = RoverHeadingState.h; sourceTree = "<group>"; };
		C0B98C61156E9A3F00A3C5AD /* RoverHeadingState.m */ = {isa = PBXFileReference; fileEncoding = 4; lastKnownFileType = sourcecode.c.objc; path = RoverHeadingState.m; sourceTree = "<group>"; };
		C0B98C63156ECE7300A3C5AD /* RCInterpreterState.h */ = {isa = PBXFileReference; fileEncoding = 4; lastKnownFileType = sourcecode.c.h; path = RCInterpreterState.h; sourceTree = "<group>"; };
		C0B98C64156ECE7300A3C5AD /* RCInterpreterState.m */ = {isa = PBXFileReference; fileEncoding = 4; lastKnownFileType = sourcecode.c.objc; path = RCInterpreterState.m; sourceTree = "<group>"; };
		C0D5F9641563778E004FB0A9 /* RoversControllerInterpreter.h */ = {isa = PBXFileReference; fileEncoding = 4; lastKnownFileType = sourcecode.c.h; path = RoversControllerInterpreter.h; sourceTree = "<group>"; };
		C0D5F9651563778E004FB0A9 /* RoversControllerInterpreter.m */ = {isa = PBXFileReference; fileEncoding = 4; lastKnownFileType = sourcecode.c.objc; path = RoversControllerInterpreter.m; sourceTree = "<group>"; };
		C32DA2AE155573B600F8FBBE /* RoversController.h */ = {isa = PBXFileReference; fileEncoding = 4; lastKnownFileType = sourcecode.c.h; path = RoversController.h; sourceTree = "<group>"; };
		C32DA2AF155573B600F8FBBE /* RoversController.m */ = {isa = PBXFileReference; fileEncoding = 4; lastKnownFileType = sourcecode.c.objc; path = RoversController.m; sourceTree = "<group>"; };
		C341332115558D0E00D5DDF8 /* marsface.jpg */ = {isa = PBXFileReference; lastKnownFileType = image.jpeg; path = marsface.jpg; sourceTree = "<group>"; };
		C38ABCDB1555700D0047DB26 /* en */ = {isa = PBXFileReference; lastKnownFileType = file.storyboard; name = en; path = en.lproj/MainStoryboard.storyboard; sourceTree = "<group>"; };
		C3EC978B1555524600640AFC /* MarsRover.app */ = {isa = PBXFileReference; explicitFileType = wrapper.application; includeInIndex = 0; path = MarsRover.app; sourceTree = BUILT_PRODUCTS_DIR; };
		C3EC978F1555524600640AFC /* UIKit.framework */ = {isa = PBXFileReference; lastKnownFileType = wrapper.framework; name = UIKit.framework; path = System/Library/Frameworks/UIKit.framework; sourceTree = SDKROOT; };
		C3EC97911555524600640AFC /* Foundation.framework */ = {isa = PBXFileReference; lastKnownFileType = wrapper.framework; name = Foundation.framework; path = System/Library/Frameworks/Foundation.framework; sourceTree = SDKROOT; };
		C3EC97931555524600640AFC /* CoreGraphics.framework */ = {isa = PBXFileReference; lastKnownFileType = wrapper.framework; name = CoreGraphics.framework; path = System/Library/Frameworks/CoreGraphics.framework; sourceTree = SDKROOT; };
		C3EC97971555524600640AFC /* MarsRover-Info.plist */ = {isa = PBXFileReference; lastKnownFileType = text.plist.xml; path = "MarsRover-Info.plist"; sourceTree = "<group>"; };
		C3EC97991555524600640AFC /* en */ = {isa = PBXFileReference; lastKnownFileType = text.plist.strings; name = en; path = en.lproj/InfoPlist.strings; sourceTree = "<group>"; };
		C3EC979B1555524600640AFC /* main.m */ = {isa = PBXFileReference; lastKnownFileType = sourcecode.c.objc; path = main.m; sourceTree = "<group>"; };
		C3EC979D1555524600640AFC /* MarsRover-Prefix.pch */ = {isa = PBXFileReference; lastKnownFileType = sourcecode.c.h; path = "MarsRover-Prefix.pch"; sourceTree = "<group>"; };
		C3EC979E1555524600640AFC /* AppDelegate.h */ = {isa = PBXFileReference; lastKnownFileType = sourcecode.c.h; path = AppDelegate.h; sourceTree = "<group>"; };
		C3EC979F1555524600640AFC /* AppDelegate.m */ = {isa = PBXFileReference; lastKnownFileType = sourcecode.c.objc; path = AppDelegate.m; sourceTree = "<group>"; };
		C3EC97A41555524600640AFC /* MarsExplorationViewController.h */ = {isa = PBXFileReference; lastKnownFileType = sourcecode.c.h; path = MarsExplorationViewController.h; sourceTree = "<group>"; };
		C3EC97A51555524600640AFC /* MarsExplorationViewController.m */ = {isa = PBXFileReference; lastKnownFileType = sourcecode.c.objc; path = MarsExplorationViewController.m; sourceTree = "<group>"; };
/* End PBXFileReference section */

/* Begin PBXFrameworksBuildPhase section */
		C3EC97881555524600640AFC /* Frameworks */ = {
			isa = PBXFrameworksBuildPhase;
			buildActionMask = 2147483647;
			files = (
				C3EC97901555524600640AFC /* UIKit.framework in Frameworks */,
				C3EC97921555524600640AFC /* Foundation.framework in Frameworks */,
				C3EC97941555524600640AFC /* CoreGraphics.framework in Frameworks */,
			);
			runOnlyForDeploymentPostprocessing = 0;
		};
/* End PBXFrameworksBuildPhase section */

/* Begin PBXGroup section */
		C09EA7B11574D95D004047BB /* UI Controll */ = {
			isa = PBXGroup;
			children = (
				C0AD9AA6157156810093D660 /* RoverView.h */,
				C0AD9AA7157156810093D660 /* RoverView.m */,
				C0AD9A9D1570FD0A0093D660 /* PlateauGridView.h */,
				C0AD9A9E1570FD0A0093D660 /* PlateauGridView.m */,
				C09EA7A21574AA5A004047BB /* ReportViewController.h */,
				C09EA7A31574AA5A004047BB /* ReportViewController.m */,
				C3EC97A41555524600640AFC /* MarsExplorationViewController.h */,
				C3EC97A51555524600640AFC /* MarsExplorationViewController.m */,
			);
			name = "UI Controll";
			sourceTree = "<group>";
		};
		C09EA7B21574D995004047BB /* Model */ = {
			isa = PBXGroup;
			children = (
				C32DA2AE155573B600F8FBBE /* RoversController.h */,
				C32DA2AF155573B600F8FBBE /* RoversController.m */,
				C0A0BC03156F4FD4006A17F8 /* RoverNavigationCommand.h */,
				C0A0BC04156F4FD4006A17F8 /* RoverNavigationCommand.m */,
				C0B98C5C156E6BBF00A3C5AD /* Rover.h */,
				C0B98C5D156E6BBF00A3C5AD /* Rover.m */,
				C0B98C60156E9A3F00A3C5AD /* RoverHeadingState.h */,
				C0B98C61156E9A3F00A3C5AD /* RoverHeadingState.m */,
				C0D5F9641563778E004FB0A9 /* RoversControllerInterpreter.h */,
				C0D5F9651563778E004FB0A9 /* RoversControllerInterpreter.m */,
				C0B98C63156ECE7300A3C5AD /* RCInterpreterState.h */,
				C0B98C64156ECE7300A3C5AD /* RCInterpreterState.m */,
			);
			name = Model;
			sourceTree = "<group>";
		};
		C341331F15558CC500D5DDF8 /* resources */ = {
			isa = PBXGroup;
			children = (
				C0AD9AA915717C5A0093D660 /* rovereast.png */,
				C0AD9AAA15717C5A0093D660 /* rovernorth.png */,
				C0AD9AAB15717C5A0093D660 /* roversouth.png */,
				C09DED88157000A10047EEBC /* roverwest.png */,
				C341332115558D0E00D5DDF8 /* marsface.jpg */,
			);
			name = resources;
			path = MarsRover/resources;
			sourceTree = "<group>";
		};
		C3EC97801555524600640AFC = {
			isa = PBXGroup;
			children = (
				C341331F15558CC500D5DDF8 /* resources */,
				C3EC97951555524600640AFC /* MarsRover */,
				C3EC978E1555524600640AFC /* Frameworks */,
				C3EC978C1555524600640AFC /* Products */,
			);
			sourceTree = "<group>";
		};
		C3EC978C1555524600640AFC /* Products */ = {
			isa = PBXGroup;
			children = (
				C3EC978B1555524600640AFC /* MarsRover.app */,
			);
			name = Products;
			sourceTree = "<group>";
		};
		C3EC978E1555524600640AFC /* Frameworks */ = {
			isa = PBXGroup;
			children = (
				C3EC978F1555524600640AFC /* UIKit.framework */,
				C3EC97911555524600640AFC /* Foundation.framework */,
				C3EC97931555524600640AFC /* CoreGraphics.framework */,
			);
			name = Frameworks;
			sourceTree = "<group>";
		};
		C3EC97951555524600640AFC /* MarsRover */ = {
			isa = PBXGroup;
			children = (
				C3EC979E1555524600640AFC /* AppDelegate.h */,
				C3EC979F1555524600640AFC /* AppDelegate.m */,
				C38ABCDA1555700D0047DB26 /* MainStoryboard.storyboard */,
				C09EA7B21574D995004047BB /* Model */,
				C09EA7B11574D95D004047BB /* UI Controll */,
				C3EC97961555524600640AFC /* Supporting Files */,
			);
			path = MarsRover;
			sourceTree = "<group>";
		};
		C3EC97961555524600640AFC /* Supporting Files */ = {
			isa = PBXGroup;
			children = (
				C3EC97971555524600640AFC /* MarsRover-Info.plist */,
				C3EC97981555524600640AFC /* InfoPlist.strings */,
				C3EC979B1555524600640AFC /* main.m */,
				C3EC979D1555524600640AFC /* MarsRover-Prefix.pch */,
			);
			name = "Supporting Files";
			sourceTree = "<group>";
		};
/* End PBXGroup section */

/* Begin PBXNativeTarget section */
		C3EC978A1555524600640AFC /* MarsRover */ = {
			isa = PBXNativeTarget;
			buildConfigurationList = C3EC97A91555524600640AFC /* Build configuration list for PBXNativeTarget "MarsRover" */;
			buildPhases = (
				C3EC97871555524600640AFC /* Sources */,
				C3EC97881555524600640AFC /* Frameworks */,
				C3EC97891555524600640AFC /* Resources */,
			);
			buildRules = (
			);
			dependencies = (
			);
			name = MarsRover;
			productName = MarsRover;
			productReference = C3EC978B1555524600640AFC /* MarsRover.app */;
			productType = "com.apple.product-type.application";
		};
/* End PBXNativeTarget section */

/* Begin PBXProject section */
		C3EC97821555524600640AFC /* Project object */ = {
			isa = PBXProject;
			attributes = {
				LastUpgradeCheck = 0430;
			};
			buildConfigurationList = C3EC97851555524600640AFC /* Build configuration list for PBXProject "MarsRover" */;
			compatibilityVersion = "Xcode 3.2";
			developmentRegion = English;
			hasScannedForEncodings = 0;
			knownRegions = (
				en,
			);
			mainGroup = C3EC97801555524600640AFC;
			productRefGroup = C3EC978C1555524600640AFC /* Products */;
			projectDirPath = "";
			projectRoot = "";
			targets = (
				C3EC978A1555524600640AFC /* MarsRover */,
			);
		};
/* End PBXProject section */

/* Begin PBXResourcesBuildPhase section */
		C3EC97891555524600640AFC /* Resources */ = {
			isa = PBXResourcesBuildPhase;
			buildActionMask = 2147483647;
			files = (
				C3EC979A1555524600640AFC /* InfoPlist.strings in Resources */,
				C38ABCDC1555700D0047DB26 /* MainStoryboard.storyboard in Resources */,
				C341332215558D0E00D5DDF8 /* marsface.jpg in Resources */,
				C09DED89157000A10047EEBC /* roverwest.png in Resources */,
				C0AD9AAC15717C5A0093D660 /* rovereast.png in Resources */,
				C0AD9AAD15717C5A0093D660 /* rovernorth.png in Resources */,
				C0AD9AAE15717C5A0093D660 /* roversouth.png in Resources */,
			);
			runOnlyForDeploymentPostprocessing = 0;
		};
/* End PBXResourcesBuildPhase section */

/* Begin PBXSourcesBuildPhase section */
		C3EC97871555524600640AFC /* Sources */ = {
			isa = PBXSourcesBuildPhase;
			buildActionMask = 2147483647;
			files = (
				C3EC979C1555524600640AFC /* main.m in Sources */,
				C3EC97A01555524600640AFC /* AppDelegate.m in Sources */,
				C3EC97A61555524600640AFC /* MarsExplorationViewController.m in Sources */,
				C32DA2B0155573B600F8FBBE /* RoversController.m in Sources */,
				C0D5F9661563778E004FB0A9 /* RoversControllerInterpreter.m in Sources */,
				C0B98C5E156E6BBF00A3C5AD /* Rover.m in Sources */,
				C0B98C62156E9A3F00A3C5AD /* RoverHeadingState.m in Sources */,
				C0B98C65156ECE7300A3C5AD /* RCInterpreterState.m in Sources */,
				C0A0BC05156F4FD4006A17F8 /* RoverNavigationCommand.m in Sources */,
				C0AD9A9F1570FD0A0093D660 /* PlateauGridView.m in Sources */,
				C0AD9AA8157156810093D660 /* RoverView.m in Sources */,
				C09EA7A41574AA5A004047BB /* ReportViewController.m in Sources */,
			);
			runOnlyForDeploymentPostprocessing = 0;
		};
/* End PBXSourcesBuildPhase section */

/* Begin PBXVariantGroup section */
		C38ABCDA1555700D0047DB26 /* MainStoryboard.storyboard */ = {
			isa = PBXVariantGroup;
			children = (
				C38ABCDB1555700D0047DB26 /* en */,
			);
			name = MainStoryboard.storyboard;
			sourceTree = "<group>";
		};
		C3EC97981555524600640AFC /* InfoPlist.strings */ = {
			isa = PBXVariantGroup;
			children = (
				C3EC97991555524600640AFC /* en */,
			);
			name = InfoPlist.strings;
			sourceTree = "<group>";
		};
/* End PBXVariantGroup section */

/* Begin XCBuildConfiguration section */
		C3EC97A71555524600640AFC /* Debug */ = {
			isa = XCBuildConfiguration;
			buildSettings = {
				ALWAYS_SEARCH_USER_PATHS = NO;
				ARCHS = "$(ARCHS_STANDARD_32_BIT)";
				CLANG_ENABLE_OBJC_ARC = NO;
				CLANG_WARN_OBJCPP_ARC_ABI = NO;
				"CODE_SIGN_IDENTITY[sdk=iphoneos*]" = "iPhone Developer";
				COPY_PHASE_STRIP = NO;
				GCC_C_LANGUAGE_STANDARD = gnu99;
				GCC_DYNAMIC_NO_PIC = NO;
				GCC_OPTIMIZATION_LEVEL = 0;
				GCC_PREPROCESSOR_DEFINITIONS = (
					"DEBUG=1",
					"$(inherited)",
				);
				GCC_SYMBOLS_PRIVATE_EXTERN = NO;
				GCC_VERSION = com.apple.compilers.llvm.clang.1_0;
				GCC_WARN_ABOUT_RETURN_TYPE = YES;
				GCC_WARN_UNINITIALIZED_AUTOS = YES;
				GCC_WARN_UNUSED_VARIABLE = YES;
				IPHONEOS_DEPLOYMENT_TARGET = 5.1;
				SDKROOT = iphoneos;
			};
			name = Debug;
		};
		C3EC97A81555524600640AFC /* Release */ = {
			isa = XCBuildConfiguration;
			buildSettings = {
				ALWAYS_SEARCH_USER_PATHS = NO;
				ARCHS = "$(ARCHS_STANDARD_32_BIT)";
				CLANG_ENABLE_OBJC_ARC = NO;
				CLANG_WARN_OBJCPP_ARC_ABI = NO;
				"CODE_SIGN_IDENTITY[sdk=iphoneos*]" = "iPhone Developer";
				COPY_PHASE_STRIP = YES;
				GCC_C_LANGUAGE_STANDARD = gnu99;
				GCC_VERSION = com.apple.compilers.llvm.clang.1_0;
				GCC_WARN_ABOUT_RETURN_TYPE = YES;
				GCC_WARN_UNINITIALIZED_AUTOS = YES;
				GCC_WARN_UNUSED_VARIABLE = YES;
				IPHONEOS_DEPLOYMENT_TARGET = 5.1;
				OTHER_CFLAGS = "-DNS_BLOCK_ASSERTIONS=1";
				SDKROOT = iphoneos;
				VALIDATE_PRODUCT = YES;
			};
			name = Release;
		};
		C3EC97AA1555524600640AFC /* Debug */ = {
			isa = XCBuildConfiguration;
			buildSettings = {
				GCC_PRECOMPILE_PREFIX_HEADER = YES;
				GCC_PREFIX_HEADER = "MarsRover/MarsRover-Prefix.pch";
				INFOPLIST_FILE = "MarsRover/MarsRover-Info.plist";
				IPHONEOS_DEPLOYMENT_TARGET = 5.0;
				PRODUCT_NAME = "$(TARGET_NAME)";
				WRAPPER_EXTENSION = app;
			};
			name = Debug;
		};
		C3EC97AB1555524600640AFC /* Release */ = {
			isa = XCBuildConfiguration;
			buildSettings = {
				GCC_PRECOMPILE_PREFIX_HEADER = YES;
				GCC_PREFIX_HEADER = "MarsRover/MarsRover-Prefix.pch";
				INFOPLIST_FILE = "MarsRover/MarsRover-Info.plist";
				IPHONEOS_DEPLOYMENT_TARGET = 5.0;
				PRODUCT_NAME = "$(TARGET_NAME)";
				WRAPPER_EXTENSION = app;
			};
			name = Release;
		};
/* End XCBuildConfiguration section */

/* Begin XCConfigurationList section */
		C3EC97851555524600640AFC /* Build configuration list for PBXProject "MarsRover" */ = {
			isa = XCConfigurationList;
			buildConfigurations = (
				C3EC97A71555524600640AFC /* Debug */,
				C3EC97A81555524600640AFC /* Release */,
			);
			defaultConfigurationIsVisible = 0;
			defaultConfigurationName = Release;
		};
		C3EC97A91555524600640AFC /* Build configuration list for PBXNativeTarget "MarsRover" */ = {
			isa = XCConfigurationList;
			buildConfigurations = (
				C3EC97AA1555524600640AFC /* Debug */,
				C3EC97AB1555524600640AFC /* Release */,
			);
			defaultConfigurationIsVisible = 0;
			defaultConfigurationName = Release;
		};
/* End XCConfigurationList section */
	};
	rootObject = C3EC97821555524600640AFC /* Project object */;
}
